
Microsoft Visual Studio Solution File, Format Version 12.00
# Visual Studio Version 16
VisualStudioVersion = 16.0.30011.22
MinimumVisualStudioVersion = 10.0.40219.1
Project("{2150E333-8FDC-42A3-9474-1A3956D46DE8}") = "Solution Items", "Solution Items", "{2644E279-FFCB-4271-BFDF-5563698E00BE}"
	ProjectSection(SolutionItems) = preProject
		global.json = global.json
	EndProjectSection
EndProject
Project("{2150E333-8FDC-42A3-9474-1A3956D46DE8}") = "1-Apresentacao", "1-Apresentacao", "{5F04DD12-26D7-42C0-9689-EACE4AE416D0}"
EndProject
Project("{9A19103F-16F7-4668-BE54-9A1E7A4F7556}") = "WorkFlowApi", "src\WorkFlowApi\WorkFlowApi.csproj", "{FEDB45F2-DA9E-4BCA-BC28-7980110CB189}"
EndProject
Project("{2150E333-8FDC-42A3-9474-1A3956D46DE8}") = "2-Aplicacao", "2-Aplicacao", "{A5B5E567-7936-44EC-8ECA-954507E3DE48}"
EndProject
Project("{2150E333-8FDC-42A3-9474-1A3956D46DE8}") = "3-Dominio", "3-Dominio", "{F5108FF4-E70E-476C-B9FF-878253EB58B3}"
EndProject
Project("{2150E333-8FDC-42A3-9474-1A3956D46DE8}") = "4-Infraestrutura", "4-Infraestrutura", "{0A440985-E068-40F2-95A8-E04BAA85590C}"
EndProject
Project("{2150E333-8FDC-42A3-9474-1A3956D46DE8}") = "5-Tests", "5-Tests", "{D89F19C3-1402-4876-B544-1C23AA449AE0}"
EndProject
Project("{9A19103F-16F7-4668-BE54-9A1E7A4F7556}") = "WorkFlowAplicacao", "src\WorkFlowAplicacao\WorkFlowAplicacao.csproj", "{36F10DCC-A3B4-46BC-AF2F-B200BB0C0B0B}"
EndProject
Project("{9A19103F-16F7-4668-BE54-9A1E7A4F7556}") = "WorkFlowViewModel", "src\WorkFlowViewModel\WorkFlowViewModel.csproj", "{B08CA5F4-E139-4995-A5CB-30BF964EAC7F}"
EndProject
Project("{9A19103F-16F7-4668-BE54-9A1E7A4F7556}") = "WorkFlowDominio", "src\WorkFlowDominio\WorkFlowDominio.csproj", "{36E833C6-4435-4685-9ED1-884486F9C951}"
EndProject
Project("{9A19103F-16F7-4668-BE54-9A1E7A4F7556}") = "WorkFlowDominioShared", "src\WorkFlowDominioShared\WorkFlowDominioShared.csproj", "{E86EB286-52D9-47E2-B124-55A3270158A4}"
EndProject
Project("{2150E333-8FDC-42A3-9474-1A3956D46DE8}") = "4.1-Data", "4.1-Data", "{B9EBB96D-4062-4CA2-A330-DF5A65561D8F}"
EndProject
Project("{2150E333-8FDC-42A3-9474-1A3956D46DE8}") = "4.2-CrossCutting", "4.2-CrossCutting", "{92D7CF5F-D851-4355-B9CE-96DA185F0AB3}"
EndProject
Project("{9A19103F-16F7-4668-BE54-9A1E7A4F7556}") = "WorkFlowData", "src\WorkFlowData\WorkFlowData.csproj", "{4E02CCBD-DC2C-4CA2-977D-6BCEF33102DB}"
EndProject
Project("{9A19103F-16F7-4668-BE54-9A1E7A4F7556}") = "WorkFlowIdentity", "src\WorkFlowIdentity\WorkFlowIdentity.csproj", "{6DFB6F1B-C4D4-4B30-ACEE-B731C8229319}"
EndProject
Project("{9A19103F-16F7-4668-BE54-9A1E7A4F7556}") = "WorkFlowIoc", "src\WorkFlowIoc\WorkFlowIoc.csproj", "{F20CAD4E-1D18-4D59-A512-383B8BB6D459}"
EndProject
Project("{9A19103F-16F7-4668-BE54-9A1E7A4F7556}") = "WorkFlowBus", "src\WorkFlowBus\WorkFlowBus.csproj", "{C45B3EC8-4687-4D22-BEF4-7FC1BBD1A545}"
EndProject
Project("{9A19103F-16F7-4668-BE54-9A1E7A4F7556}") = "WorkFlowTests", "tests\WorkFlowTests\WorkFlowTests.csproj", "{4C0C4AF1-1A36-4F6A-87E4-14A2B08B9608}"
EndProject
Project("{FAE04EC0-301F-11D3-BF4B-00C04F79EFBC}") = "WorkFlowSite", "src\WorkFlowSite\WorkFlowSite.csproj", "{2321ED70-F3CF-40E4-9259-683A05CBD73E}"
EndProject
Global
	GlobalSection(SolutionConfigurationPlatforms) = preSolution
		Debug|Any CPU = Debug|Any CPU
		Release|Any CPU = Release|Any CPU
	EndGlobalSection
	GlobalSection(ProjectConfigurationPlatforms) = postSolution
		{FEDB45F2-DA9E-4BCA-BC28-7980110CB189}.Debug|Any CPU.ActiveCfg = Debug|Any CPU
		{FEDB45F2-DA9E-4BCA-BC28-7980110CB189}.Debug|Any CPU.Build.0 = Debug|Any CPU
		{FEDB45F2-DA9E-4BCA-BC28-7980110CB189}.Release|Any CPU.ActiveCfg = Release|Any CPU
		{FEDB45F2-DA9E-4BCA-BC28-7980110CB189}.Release|Any CPU.Build.0 = Release|Any CPU
		{36F10DCC-A3B4-46BC-AF2F-B200BB0C0B0B}.Debug|Any CPU.ActiveCfg = Debug|Any CPU
		{36F10DCC-A3B4-46BC-AF2F-B200BB0C0B0B}.Debug|Any CPU.Build.0 = Debug|Any CPU
		{36F10DCC-A3B4-46BC-AF2F-B200BB0C0B0B}.Release|Any CPU.ActiveCfg = Release|Any CPU
		{36F10DCC-A3B4-46BC-AF2F-B200BB0C0B0B}.Release|Any CPU.Build.0 = Release|Any CPU
		{B08CA5F4-E139-4995-A5CB-30BF964EAC7F}.Debug|Any CPU.ActiveCfg = Debug|Any CPU
		{B08CA5F4-E139-4995-A5CB-30BF964EAC7F}.Debug|Any CPU.Build.0 = Debug|Any CPU
		{B08CA5F4-E139-4995-A5CB-30BF964EAC7F}.Release|Any CPU.ActiveCfg = Release|Any CPU
		{B08CA5F4-E139-4995-A5CB-30BF964EAC7F}.Release|Any CPU.Build.0 = Release|Any CPU
		{36E833C6-4435-4685-9ED1-884486F9C951}.Debug|Any CPU.ActiveCfg = Debug|Any CPU
		{36E833C6-4435-4685-9ED1-884486F9C951}.Debug|Any CPU.Build.0 = Debug|Any CPU
		{36E833C6-4435-4685-9ED1-884486F9C951}.Release|Any CPU.ActiveCfg = Release|Any CPU
		{36E833C6-4435-4685-9ED1-884486F9C951}.Release|Any CPU.Build.0 = Release|Any CPU
		{E86EB286-52D9-47E2-B124-55A3270158A4}.Debug|Any CPU.ActiveCfg = Debug|Any CPU
		{E86EB286-52D9-47E2-B124-55A3270158A4}.Debug|Any CPU.Build.0 = Debug|Any CPU
		{E86EB286-52D9-47E2-B124-55A3270158A4}.Release|Any CPU.ActiveCfg = Release|Any CPU
		{E86EB286-52D9-47E2-B124-55A3270158A4}.Release|Any CPU.Build.0 = Release|Any CPU
		{4E02CCBD-DC2C-4CA2-977D-6BCEF33102DB}.Debug|Any CPU.ActiveCfg = Debug|Any CPU
		{4E02CCBD-DC2C-4CA2-977D-6BCEF33102DB}.Debug|Any CPU.Build.0 = Debug|Any CPU
		{4E02CCBD-DC2C-4CA2-977D-6BCEF33102DB}.Release|Any CPU.ActiveCfg = Release|Any CPU
		{4E02CCBD-DC2C-4CA2-977D-6BCEF33102DB}.Release|Any CPU.Build.0 = Release|Any CPU
		{6DFB6F1B-C4D4-4B30-ACEE-B731C8229319}.Debug|Any CPU.ActiveCfg = Debug|Any CPU
		{6DFB6F1B-C4D4-4B30-ACEE-B731C8229319}.Debug|Any CPU.Build.0 = Debug|Any CPU
		{6DFB6F1B-C4D4-4B30-ACEE-B731C8229319}.Release|Any CPU.ActiveCfg = Release|Any CPU
		{6DFB6F1B-C4D4-4B30-ACEE-B731C8229319}.Release|Any CPU.Build.0 = Release|Any CPU
		{F20CAD4E-1D18-4D59-A512-383B8BB6D459}.Debug|Any CPU.ActiveCfg = Debug|Any CPU
		{F20CAD4E-1D18-4D59-A512-383B8BB6D459}.Debug|Any CPU.Build.0 = Debug|Any CPU
		{F20CAD4E-1D18-4D59-A512-383B8BB6D459}.Release|Any CPU.ActiveCfg = Release|Any CPU
		{F20CAD4E-1D18-4D59-A512-383B8BB6D459}.Release|Any CPU.Build.0 = Release|Any CPU
		{C45B3EC8-4687-4D22-BEF4-7FC1BBD1A545}.Debug|Any CPU.ActiveCfg = Debug|Any CPU
		{C45B3EC8-4687-4D22-BEF4-7FC1BBD1A545}.Debug|Any CPU.Build.0 = Debug|Any CPU
		{C45B3EC8-4687-4D22-BEF4-7FC1BBD1A545}.Release|Any CPU.ActiveCfg = Release|Any CPU
		{C45B3EC8-4687-4D22-BEF4-7FC1BBD1A545}.Release|Any CPU.Build.0 = Release|Any CPU
		{4C0C4AF1-1A36-4F6A-87E4-14A2B08B9608}.Debug|Any CPU.ActiveCfg = Debug|Any CPU
		{4C0C4AF1-1A36-4F6A-87E4-14A2B08B9608}.Debug|Any CPU.Build.0 = Debug|Any CPU
		{4C0C4AF1-1A36-4F6A-87E4-14A2B08B9608}.Release|Any CPU.ActiveCfg = Release|Any CPU
		{4C0C4AF1-1A36-4F6A-87E4-14A2B08B9608}.Release|Any CPU.Build.0 = Release|Any CPU
		{2321ED70-F3CF-40E4-9259-683A05CBD73E}.Debug|Any CPU.ActiveCfg = Debug|Any CPU
		{2321ED70-F3CF-40E4-9259-683A05CBD73E}.Debug|Any CPU.Build.0 = Debug|Any CPU
		{2321ED70-F3CF-40E4-9259-683A05CBD73E}.Release|Any CPU.ActiveCfg = Release|Any CPU
		{2321ED70-F3CF-40E4-9259-683A05CBD73E}.Release|Any CPU.Build.0 = Release|Any CPU
	EndGlobalSection
	GlobalSection(SolutionProperties) = preSolution
		HideSolutionNode = FALSE
	EndGlobalSection
	GlobalSection(NestedProjects) = preSolution
		{FEDB45F2-DA9E-4BCA-BC28-7980110CB189} = {5F04DD12-26D7-42C0-9689-EACE4AE416D0}
		{36F10DCC-A3B4-46BC-AF2F-B200BB0C0B0B} = {A5B5E567-7936-44EC-8ECA-954507E3DE48}
		{B08CA5F4-E139-4995-A5CB-30BF964EAC7F} = {A5B5E567-7936-44EC-8ECA-954507E3DE48}
		{36E833C6-4435-4685-9ED1-884486F9C951} = {F5108FF4-E70E-476C-B9FF-878253EB58B3}
		{E86EB286-52D9-47E2-B124-55A3270158A4} = {F5108FF4-E70E-476C-B9FF-878253EB58B3}
		{B9EBB96D-4062-4CA2-A330-DF5A65561D8F} = {0A440985-E068-40F2-95A8-E04BAA85590C}
		{92D7CF5F-D851-4355-B9CE-96DA185F0AB3} = {0A440985-E068-40F2-95A8-E04BAA85590C}
		{4E02CCBD-DC2C-4CA2-977D-6BCEF33102DB} = {B9EBB96D-4062-4CA2-A330-DF5A65561D8F}
		{6DFB6F1B-C4D4-4B30-ACEE-B731C8229319} = {92D7CF5F-D851-4355-B9CE-96DA185F0AB3}
		{F20CAD4E-1D18-4D59-A512-383B8BB6D459} = {92D7CF5F-D851-4355-B9CE-96DA185F0AB3}
		{C45B3EC8-4687-4D22-BEF4-7FC1BBD1A545} = {92D7CF5F-D851-4355-B9CE-96DA185F0AB3}
		{4C0C4AF1-1A36-4F6A-87E4-14A2B08B9608} = {D89F19C3-1402-4876-B544-1C23AA449AE0}
		{2321ED70-F3CF-40E4-9259-683A05CBD73E} = {5F04DD12-26D7-42C0-9689-EACE4AE416D0}
	EndGlobalSection
	GlobalSection(ExtensibilityGlobals) = postSolution
		SolutionGuid = {99356765-BCBA-4BCF-8FAA-3259B72A7A90}
	EndGlobalSection
EndGlobal
